// !$*UTF8*$!
{
	archiveVersion = 1;
	classes = {
	};
	objectVersion = 56;
	objects = {

/* Begin PBXBuildFile section */
		713288342A79D84100022E76 /* PortfolioContainer.xcdatamodeld in Sources */ = {isa = PBXBuildFile; fileRef = 713288322A79D84100022E76 /* PortfolioContainer.xcdatamodeld */; };
		713288362A79D90300022E76 /* PortfolioDataService.swift in Sources */ = {isa = PBXBuildFile; fileRef = 713288352A79D90200022E76 /* PortfolioDataService.swift */; };
		713288382A79F6E400022E76 /* HapticManager.swift in Sources */ = {isa = PBXBuildFile; fileRef = 713288372A79F6E400022E76 /* HapticManager.swift */; };
		715DAD7C2A79FE4A001E55E9 /* CoinDetailModel.swift in Sources */ = {isa = PBXBuildFile; fileRef = 715DAD7B2A79FE4A001E55E9 /* CoinDetailModel.swift */; };
		715DAD7E2A79FEAD001E55E9 /* String.swift in Sources */ = {isa = PBXBuildFile; fileRef = 715DAD7D2A79FEAD001E55E9 /* String.swift */; };
		715DAD812A79FF57001E55E9 /* DetailViewModel.swift in Sources */ = {isa = PBXBuildFile; fileRef = 715DAD802A79FF57001E55E9 /* DetailViewModel.swift */; };
		715DAD852A79FF73001E55E9 /* DetailView.swift in Sources */ = {isa = PBXBuildFile; fileRef = 715DAD842A79FF73001E55E9 /* DetailView.swift */; };
		715DAD872A79FFAD001E55E9 /* CoinDetailDataService.swift in Sources */ = {isa = PBXBuildFile; fileRef = 715DAD862A79FFAD001E55E9 /* CoinDetailDataService.swift */; };
		716EB02D2A79C07200B57E42 /* CoinLogoView.swift in Sources */ = {isa = PBXBuildFile; fileRef = 716EB02C2A79C07200B57E42 /* CoinLogoView.swift */; };
		718044882A75874200B64F20 /* CryptoTrackerApp.swift in Sources */ = {isa = PBXBuildFile; fileRef = 718044872A75874200B64F20 /* CryptoTrackerApp.swift */; };
		7180448A2A75874200B64F20 /* ContentView.swift in Sources */ = {isa = PBXBuildFile; fileRef = 718044892A75874200B64F20 /* ContentView.swift */; };
		7180448C2A75874300B64F20 /* Assets.xcassets in Resources */ = {isa = PBXBuildFile; fileRef = 7180448B2A75874300B64F20 /* Assets.xcassets */; };
		718044902A75874300B64F20 /* Preview Assets.xcassets in Resources */ = {isa = PBXBuildFile; fileRef = 7180448F2A75874300B64F20 /* Preview Assets.xcassets */; };
		718044982A75895500B64F20 /* Color.swift in Sources */ = {isa = PBXBuildFile; fileRef = 718044972A75895500B64F20 /* Color.swift */; };
		7180449E2A758B9400B64F20 /* HomeView.swift in Sources */ = {isa = PBXBuildFile; fileRef = 7180449D2A758B9400B64F20 /* HomeView.swift */; };
		718044A22A758CC800B64F20 /* CircleButtonView.swift in Sources */ = {isa = PBXBuildFile; fileRef = 718044A12A758CC800B64F20 /* CircleButtonView.swift */; };
		718044A42A75973C00B64F20 /* CircleButtonAnimationView.swift in Sources */ = {isa = PBXBuildFile; fileRef = 718044A32A75973C00B64F20 /* CircleButtonAnimationView.swift */; };
		718044A72A7599B400B64F20 /* Coin.swift in Sources */ = {isa = PBXBuildFile; fileRef = 718044A62A7599B400B64F20 /* Coin.swift */; };
		718044A92A75FDA800B64F20 /* PreviewProvider.swift in Sources */ = {isa = PBXBuildFile; fileRef = 718044A82A75FDA800B64F20 /* PreviewProvider.swift */; };
		718044AB2A75FE0000B64F20 /* CoinRowView.swift in Sources */ = {isa = PBXBuildFile; fileRef = 718044AA2A75FE0000B64F20 /* CoinRowView.swift */; };
		718044AD2A760D1900B64F20 /* Double.swift in Sources */ = {isa = PBXBuildFile; fileRef = 718044AC2A760D1900B64F20 /* Double.swift */; };
		718044AF2A76166600B64F20 /* HomeViewModel.swift in Sources */ = {isa = PBXBuildFile; fileRef = 718044AE2A76166600B64F20 /* HomeViewModel.swift */; };
		718044B22A76D3D700B64F20 /* CoinDataService.swift in Sources */ = {isa = PBXBuildFile; fileRef = 718044B12A76D3D700B64F20 /* CoinDataService.swift */; };
		718044B52A76ECB300B64F20 /* NetworkingManager.swift in Sources */ = {isa = PBXBuildFile; fileRef = 718044B42A76ECB300B64F20 /* NetworkingManager.swift */; };
		718044B82A76F83A00B64F20 /* CoinImageView.swift in Sources */ = {isa = PBXBuildFile; fileRef = 718044B72A76F83A00B64F20 /* CoinImageView.swift */; };
		718044BA2A76F97400B64F20 /* CoinImageService.swift in Sources */ = {isa = PBXBuildFile; fileRef = 718044B92A76F97400B64F20 /* CoinImageService.swift */; };
		718044BC2A76FAE500B64F20 /* CoinImageViewModel.swift in Sources */ = {isa = PBXBuildFile; fileRef = 718044BB2A76FAE500B64F20 /* CoinImageViewModel.swift */; };
		718044BE2A7701DA00B64F20 /* LocalFileManager.swift in Sources */ = {isa = PBXBuildFile; fileRef = 718044BD2A7701DA00B64F20 /* LocalFileManager.swift */; };
		718A0FCA2A799FC400F132C2 /* XMarkButton.swift in Sources */ = {isa = PBXBuildFile; fileRef = 718A0FC92A799FC400F132C2 /* XMarkButton.swift */; };
		71F1932A2A799B1200881A4B /* PortoflioView.swift in Sources */ = {isa = PBXBuildFile; fileRef = 71F193292A799B1200881A4B /* PortoflioView.swift */; };
		71F862722A7827DB0054C01C /* SearchBarView.swift in Sources */ = {isa = PBXBuildFile; fileRef = 71F862712A7827DB0054C01C /* SearchBarView.swift */; };
		71F862742A782CB90054C01C /* UIApplication.swift in Sources */ = {isa = PBXBuildFile; fileRef = 71F862732A782CB90054C01C /* UIApplication.swift */; };
		71F862762A78394B0054C01C /* StatisticModel.swift in Sources */ = {isa = PBXBuildFile; fileRef = 71F862752A78394B0054C01C /* StatisticModel.swift */; };
		71F862782A78399B0054C01C /* StatisticView.swift in Sources */ = {isa = PBXBuildFile; fileRef = 71F862772A78399B0054C01C /* StatisticView.swift */; };
		71F8627A2A783ECA0054C01C /* HomeStatsView.swift in Sources */ = {isa = PBXBuildFile; fileRef = 71F862792A783ECA0054C01C /* HomeStatsView.swift */; };
		71F8627C2A7848A80054C01C /* MarketData.swift in Sources */ = {isa = PBXBuildFile; fileRef = 71F8627B2A7848A80054C01C /* MarketData.swift */; };
		71F8627E2A78493F0054C01C /* MarketDataService.swift in Sources */ = {isa = PBXBuildFile; fileRef = 71F8627D2A78493F0054C01C /* MarketDataService.swift */; };
/* End PBXBuildFile section */

/* Begin PBXFileReference section */
		713288332A79D84100022E76 /* PortfolioContainer.xcdatamodel */ = {isa = PBXFileReference; lastKnownFileType = wrapper.xcdatamodel; path = PortfolioContainer.xcdatamodel; sourceTree = "<group>"; };
		713288352A79D90200022E76 /* PortfolioDataService.swift */ = {isa = PBXFileReference; lastKnownFileType = sourcecode.swift; path = PortfolioDataService.swift; sourceTree = "<group>"; };
		713288372A79F6E400022E76 /* HapticManager.swift */ = {isa = PBXFileReference; lastKnownFileType = sourcecode.swift; path = HapticManager.swift; sourceTree = "<group>"; };
		715DAD7B2A79FE4A001E55E9 /* CoinDetailModel.swift */ = {isa = PBXFileReference; lastKnownFileType = sourcecode.swift; path = CoinDetailModel.swift; sourceTree = "<group>"; };
		715DAD7D2A79FEAD001E55E9 /* String.swift */ = {isa = PBXFileReference; lastKnownFileType = sourcecode.swift; path = String.swift; sourceTree = "<group>"; };
		715DAD802A79FF57001E55E9 /* DetailViewModel.swift */ = {isa = PBXFileReference; lastKnownFileType = sourcecode.swift; path = DetailViewModel.swift; sourceTree = "<group>"; };
		715DAD842A79FF73001E55E9 /* DetailView.swift */ = {isa = PBXFileReference; lastKnownFileType = sourcecode.swift; path = DetailView.swift; sourceTree = "<group>"; };
		715DAD862A79FFAD001E55E9 /* CoinDetailDataService.swift */ = {isa = PBXFileReference; lastKnownFileType = sourcecode.swift; path = CoinDetailDataService.swift; sourceTree = "<group>"; };
		716EB02C2A79C07200B57E42 /* CoinLogoView.swift */ = {isa = PBXFileReference; lastKnownFileType = sourcecode.swift; path = CoinLogoView.swift; sourceTree = "<group>"; };
		718044842A75874200B64F20 /* CryptoTracker.app */ = {isa = PBXFileReference; explicitFileType = wrapper.application; includeInIndex = 0; path = CryptoTracker.app; sourceTree = BUILT_PRODUCTS_DIR; };
		718044872A75874200B64F20 /* CryptoTrackerApp.swift */ = {isa = PBXFileReference; lastKnownFileType = sourcecode.swift; path = CryptoTrackerApp.swift; sourceTree = "<group>"; };
		718044892A75874200B64F20 /* ContentView.swift */ = {isa = PBXFileReference; lastKnownFileType = sourcecode.swift; path = ContentView.swift; sourceTree = "<group>"; };
		7180448B2A75874300B64F20 /* Assets.xcassets */ = {isa = PBXFileReference; lastKnownFileType = folder.assetcatalog; path = Assets.xcassets; sourceTree = "<group>"; };
		7180448D2A75874300B64F20 /* CryptoTracker.entitlements */ = {isa = PBXFileReference; lastKnownFileType = text.plist.entitlements; path = CryptoTracker.entitlements; sourceTree = "<group>"; };
		7180448F2A75874300B64F20 /* Preview Assets.xcassets */ = {isa = PBXFileReference; lastKnownFileType = folder.assetcatalog; path = "Preview Assets.xcassets"; sourceTree = "<group>"; };
		718044972A75895500B64F20 /* Color.swift */ = {isa = PBXFileReference; lastKnownFileType = sourcecode.swift; path = Color.swift; sourceTree = "<group>"; };
		7180449D2A758B9400B64F20 /* HomeView.swift */ = {isa = PBXFileReference; lastKnownFileType = sourcecode.swift; path = HomeView.swift; sourceTree = "<group>"; };
		718044A12A758CC800B64F20 /* CircleButtonView.swift */ = {isa = PBXFileReference; lastKnownFileType = sourcecode.swift; path = CircleButtonView.swift; sourceTree = "<group>"; };
		718044A32A75973C00B64F20 /* CircleButtonAnimationView.swift */ = {isa = PBXFileReference; lastKnownFileType = sourcecode.swift; path = CircleButtonAnimationView.swift; sourceTree = "<group>"; };
		718044A62A7599B400B64F20 /* Coin.swift */ = {isa = PBXFileReference; lastKnownFileType = sourcecode.swift; path = Coin.swift; sourceTree = "<group>"; };
		718044A82A75FDA800B64F20 /* PreviewProvider.swift */ = {isa = PBXFileReference; fileEncoding = 4; lastKnownFileType = sourcecode.swift; path = PreviewProvider.swift; sourceTree = "<group>"; };
		718044AA2A75FE0000B64F20 /* CoinRowView.swift */ = {isa = PBXFileReference; lastKnownFileType = sourcecode.swift; path = CoinRowView.swift; sourceTree = "<group>"; };
		718044AC2A760D1900B64F20 /* Double.swift */ = {isa = PBXFileReference; lastKnownFileType = sourcecode.swift; path = Double.swift; sourceTree = "<group>"; };
		718044AE2A76166600B64F20 /* HomeViewModel.swift */ = {isa = PBXFileReference; lastKnownFileType = sourcecode.swift; path = HomeViewModel.swift; sourceTree = "<group>"; };
		718044B12A76D3D700B64F20 /* CoinDataService.swift */ = {isa = PBXFileReference; lastKnownFileType = sourcecode.swift; path = CoinDataService.swift; sourceTree = "<group>"; };
		718044B42A76ECB300B64F20 /* NetworkingManager.swift */ = {isa = PBXFileReference; lastKnownFileType = sourcecode.swift; path = NetworkingManager.swift; sourceTree = "<group>"; };
		718044B72A76F83A00B64F20 /* CoinImageView.swift */ = {isa = PBXFileReference; lastKnownFileType = sourcecode.swift; path = CoinImageView.swift; sourceTree = "<group>"; };
		718044B92A76F97400B64F20 /* CoinImageService.swift */ = {isa = PBXFileReference; lastKnownFileType = sourcecode.swift; path = CoinImageService.swift; sourceTree = "<group>"; };
		718044BB2A76FAE500B64F20 /* CoinImageViewModel.swift */ = {isa = PBXFileReference; lastKnownFileType = sourcecode.swift; path = CoinImageViewModel.swift; sourceTree = "<group>"; };
		718044BD2A7701DA00B64F20 /* LocalFileManager.swift */ = {isa = PBXFileReference; lastKnownFileType = sourcecode.swift; path = LocalFileManager.swift; sourceTree = "<group>"; };
		718A0FC92A799FC400F132C2 /* XMarkButton.swift */ = {isa = PBXFileReference; lastKnownFileType = sourcecode.swift; path = XMarkButton.swift; sourceTree = "<group>"; };
		71F193292A799B1200881A4B /* PortoflioView.swift */ = {isa = PBXFileReference; lastKnownFileType = sourcecode.swift; path = PortoflioView.swift; sourceTree = "<group>"; };
		71F862712A7827DB0054C01C /* SearchBarView.swift */ = {isa = PBXFileReference; lastKnownFileType = sourcecode.swift; path = SearchBarView.swift; sourceTree = "<group>"; };
		71F862732A782CB90054C01C /* UIApplication.swift */ = {isa = PBXFileReference; lastKnownFileType = sourcecode.swift; path = UIApplication.swift; sourceTree = "<group>"; };
		71F862752A78394B0054C01C /* StatisticModel.swift */ = {isa = PBXFileReference; lastKnownFileType = sourcecode.swift; path = StatisticModel.swift; sourceTree = "<group>"; };
		71F862772A78399B0054C01C /* StatisticView.swift */ = {isa = PBXFileReference; lastKnownFileType = sourcecode.swift; path = StatisticView.swift; sourceTree = "<group>"; };
		71F862792A783ECA0054C01C /* HomeStatsView.swift */ = {isa = PBXFileReference; lastKnownFileType = sourcecode.swift; path = HomeStatsView.swift; sourceTree = "<group>"; };
		71F8627B2A7848A80054C01C /* MarketData.swift */ = {isa = PBXFileReference; lastKnownFileType = sourcecode.swift; path = MarketData.swift; sourceTree = "<group>"; };
		71F8627D2A78493F0054C01C /* MarketDataService.swift */ = {isa = PBXFileReference; lastKnownFileType = sourcecode.swift; path = MarketDataService.swift; sourceTree = "<group>"; };
/* End PBXFileReference section */

/* Begin PBXFrameworksBuildPhase section */
		718044812A75874200B64F20 /* Frameworks */ = {
			isa = PBXFrameworksBuildPhase;
			buildActionMask = 2147483647;
			files = (
			);
			runOnlyForDeploymentPostprocessing = 0;
		};
/* End PBXFrameworksBuildPhase section */

/* Begin PBXGroup section */
		715DAD7F2A79FF1E001E55E9 /* Detail */ = {
			isa = PBXGroup;
			children = (
				715DAD832A79FF63001E55E9 /* Views */,
				715DAD822A79FF5C001E55E9 /* ViewModels */,
			);
			path = Detail;
			sourceTree = "<group>";
		};
		715DAD822A79FF5C001E55E9 /* ViewModels */ = {
			isa = PBXGroup;
			children = (
				715DAD802A79FF57001E55E9 /* DetailViewModel.swift */,
			);
			path = ViewModels;
			sourceTree = "<group>";
		};
		715DAD832A79FF63001E55E9 /* Views */ = {
			isa = PBXGroup;
			children = (
				715DAD842A79FF73001E55E9 /* DetailView.swift */,
			);
			path = Views;
			sourceTree = "<group>";
		};
		7180447B2A75874200B64F20 = {
			isa = PBXGroup;
			children = (
				718044862A75874200B64F20 /* CryptoTracker */,
				718044852A75874200B64F20 /* Products */,
			);
			sourceTree = "<group>";
		};
		718044852A75874200B64F20 /* Products */ = {
			isa = PBXGroup;
			children = (
				718044842A75874200B64F20 /* CryptoTracker.app */,
			);
			name = Products;
			sourceTree = "<group>";
		};
		718044862A75874200B64F20 /* CryptoTracker */ = {
			isa = PBXGroup;
			children = (
				718044872A75874200B64F20 /* CryptoTrackerApp.swift */,
				718044892A75874200B64F20 /* ContentView.swift */,
				718044A52A75999700B64F20 /* Models */,
				718044992A758B5900B64F20 /* Core */,
				718044B02A76D36100B64F20 /* Services */,
				718044B32A76EC6C00B64F20 /* Utilities */,
				718044962A75893500B64F20 /* Extensions */,
				7180448B2A75874300B64F20 /* Assets.xcassets */,
				71F862732A782CB90054C01C /* UIApplication.swift */,
				7180448D2A75874300B64F20 /* CryptoTracker.entitlements */,
				7180448E2A75874300B64F20 /* Preview Content */,
			);
			path = CryptoTracker;
			sourceTree = "<group>";
		};
		7180448E2A75874300B64F20 /* Preview Content */ = {
			isa = PBXGroup;
			children = (
				7180448F2A75874300B64F20 /* Preview Assets.xcassets */,
			);
			path = "Preview Content";
			sourceTree = "<group>";
		};
		718044962A75893500B64F20 /* Extensions */ = {
			isa = PBXGroup;
			children = (
				718044A82A75FDA800B64F20 /* PreviewProvider.swift */,
				718044972A75895500B64F20 /* Color.swift */,
				718044AC2A760D1900B64F20 /* Double.swift */,
				715DAD7D2A79FEAD001E55E9 /* String.swift */,
			);
			path = Extensions;
			sourceTree = "<group>";
		};
		718044992A758B5900B64F20 /* Core */ = {
			isa = PBXGroup;
			children = (
				715DAD7F2A79FF1E001E55E9 /* Detail */,
				7180449F2A758C9200B64F20 /* Components */,
				7180449A2A758B6800B64F20 /* Home */,
			);
			path = Core;
			sourceTree = "<group>";
		};
		7180449A2A758B6800B64F20 /* Home */ = {
			isa = PBXGroup;
			children = (
				7180449C2A758B8000B64F20 /* ViewModels */,
				7180449B2A758B7400B64F20 /* Views */,
			);
			path = Home;
			sourceTree = "<group>";
		};
		7180449B2A758B7400B64F20 /* Views */ = {
			isa = PBXGroup;
			children = (
				7180449D2A758B9400B64F20 /* HomeView.swift */,
				71F862792A783ECA0054C01C /* HomeStatsView.swift */,
				718044AA2A75FE0000B64F20 /* CoinRowView.swift */,
				71F193292A799B1200881A4B /* PortoflioView.swift */,
			);
			path = Views;
			sourceTree = "<group>";
		};
		7180449C2A758B8000B64F20 /* ViewModels */ = {
			isa = PBXGroup;
			children = (
				718044AE2A76166600B64F20 /* HomeViewModel.swift */,
			);
			name = ViewModels;
			path = Views;
			sourceTree = "<group>";
		};
		7180449F2A758C9200B64F20 /* Components */ = {
			isa = PBXGroup;
			children = (
				71F862702A78279F0054C01C /* SearchBarView */,
				718044B62A76F81600B64F20 /* CoinImage */,
				718044A02A758CA900B64F20 /* CircleButtonView */,
				71F862772A78399B0054C01C /* StatisticView.swift */,
				718A0FC92A799FC400F132C2 /* XMarkButton.swift */,
			);
			path = Components;
			sourceTree = "<group>";
		};
		718044A02A758CA900B64F20 /* CircleButtonView */ = {
			isa = PBXGroup;
			children = (
				718044A12A758CC800B64F20 /* CircleButtonView.swift */,
				718044A32A75973C00B64F20 /* CircleButtonAnimationView.swift */,
			);
			path = CircleButtonView;
			sourceTree = "<group>";
		};
		718044A52A75999700B64F20 /* Models */ = {
			isa = PBXGroup;
			children = (
				718044A62A7599B400B64F20 /* Coin.swift */,
				715DAD7B2A79FE4A001E55E9 /* CoinDetailModel.swift */,
				71F862752A78394B0054C01C /* StatisticModel.swift */,
				71F8627B2A7848A80054C01C /* MarketData.swift */,
				713288322A79D84100022E76 /* PortfolioContainer.xcdatamodeld */,
			);
			path = Models;
			sourceTree = "<group>";
		};
		718044B02A76D36100B64F20 /* Services */ = {
			isa = PBXGroup;
			children = (
				718044B12A76D3D700B64F20 /* CoinDataService.swift */,
				718044B92A76F97400B64F20 /* CoinImageService.swift */,
				715DAD862A79FFAD001E55E9 /* CoinDetailDataService.swift */,
				71F8627D2A78493F0054C01C /* MarketDataService.swift */,
				713288352A79D90200022E76 /* PortfolioDataService.swift */,
			);
			name = Services;
			path = Extensions;
			sourceTree = "<group>";
		};
		718044B32A76EC6C00B64F20 /* Utilities */ = {
			isa = PBXGroup;
			children = (
				718044B42A76ECB300B64F20 /* NetworkingManager.swift */,
				718044BD2A7701DA00B64F20 /* LocalFileManager.swift */,
				713288372A79F6E400022E76 /* HapticManager.swift */,
			);
			path = Utilities;
			sourceTree = "<group>";
		};
		718044B62A76F81600B64F20 /* CoinImage */ = {
			isa = PBXGroup;
			children = (
				718044B72A76F83A00B64F20 /* CoinImageView.swift */,
				718044BB2A76FAE500B64F20 /* CoinImageViewModel.swift */,
				716EB02C2A79C07200B57E42 /* CoinLogoView.swift */,
			);
			path = CoinImage;
			sourceTree = "<group>";
		};
		71F862702A78279F0054C01C /* SearchBarView */ = {
			isa = PBXGroup;
			children = (
				71F862712A7827DB0054C01C /* SearchBarView.swift */,
			);
			path = SearchBarView;
			sourceTree = "<group>";
		};
/* End PBXGroup section */

/* Begin PBXNativeTarget section */
		718044832A75874200B64F20 /* CryptoTracker */ = {
			isa = PBXNativeTarget;
			buildConfigurationList = 718044932A75874300B64F20 /* Build configuration list for PBXNativeTarget "CryptoTracker" */;
			buildPhases = (
				718044802A75874200B64F20 /* Sources */,
				718044812A75874200B64F20 /* Frameworks */,
				718044822A75874200B64F20 /* Resources */,
			);
			buildRules = (
			);
			dependencies = (
			);
			name = CryptoTracker;
			productName = CryptoTracker;
			productReference = 718044842A75874200B64F20 /* CryptoTracker.app */;
			productType = "com.apple.product-type.application";
		};
/* End PBXNativeTarget section */

/* Begin PBXProject section */
		7180447C2A75874200B64F20 /* Project object */ = {
			isa = PBXProject;
			attributes = {
				BuildIndependentTargetsInParallel = 1;
				LastSwiftUpdateCheck = 1430;
				LastUpgradeCheck = 1430;
				TargetAttributes = {
					718044832A75874200B64F20 = {
						CreatedOnToolsVersion = 14.3.1;
					};
				};
			};
			buildConfigurationList = 7180447F2A75874200B64F20 /* Build configuration list for PBXProject "CryptoTracker" */;
			compatibilityVersion = "Xcode 14.0";
			developmentRegion = en;
			hasScannedForEncodings = 0;
			knownRegions = (
				en,
				Base,
			);
			mainGroup = 7180447B2A75874200B64F20;
			productRefGroup = 718044852A75874200B64F20 /* Products */;
			projectDirPath = "";
			projectRoot = "";
			targets = (
				718044832A75874200B64F20 /* CryptoTracker */,
			);
		};
/* End PBXProject section */

/* Begin PBXResourcesBuildPhase section */
		718044822A75874200B64F20 /* Resources */ = {
			isa = PBXResourcesBuildPhase;
			buildActionMask = 2147483647;
			files = (
				718044902A75874300B64F20 /* Preview Assets.xcassets in Resources */,
				7180448C2A75874300B64F20 /* Assets.xcassets in Resources */,
			);
			runOnlyForDeploymentPostprocessing = 0;
		};
/* End PBXResourcesBuildPhase section */

/* Begin PBXSourcesBuildPhase section */
		718044802A75874200B64F20 /* Sources */ = {
			isa = PBXSourcesBuildPhase;
			buildActionMask = 2147483647;
			files = (
				713288342A79D84100022E76 /* PortfolioContainer.xcdatamodeld in Sources */,
				718A0FCA2A799FC400F132C2 /* XMarkButton.swift in Sources */,
				71F1932A2A799B1200881A4B /* PortoflioView.swift in Sources */,
				71F862762A78394B0054C01C /* StatisticModel.swift in Sources */,
				718044B22A76D3D700B64F20 /* CoinDataService.swift in Sources */,
				718044AB2A75FE0000B64F20 /* CoinRowView.swift in Sources */,
				71F8627C2A7848A80054C01C /* MarketData.swift in Sources */,
				718044AF2A76166600B64F20 /* HomeViewModel.swift in Sources */,
				715DAD7C2A79FE4A001E55E9 /* CoinDetailModel.swift in Sources */,
				7180448A2A75874200B64F20 /* ContentView.swift in Sources */,
				718044BE2A7701DA00B64F20 /* LocalFileManager.swift in Sources */,
				7180449E2A758B9400B64F20 /* HomeView.swift in Sources */,
				71F862782A78399B0054C01C /* StatisticView.swift in Sources */,
				718044B82A76F83A00B64F20 /* CoinImageView.swift in Sources */,
				718044882A75874200B64F20 /* CryptoTrackerApp.swift in Sources */,
				71F862742A782CB90054C01C /* UIApplication.swift in Sources */,
				718044A22A758CC800B64F20 /* CircleButtonView.swift in Sources */,
				713288382A79F6E400022E76 /* HapticManager.swift in Sources */,
				718044982A75895500B64F20 /* Color.swift in Sources */,
				715DAD852A79FF73001E55E9 /* DetailView.swift in Sources */,
				71F862722A7827DB0054C01C /* SearchBarView.swift in Sources */,
				716EB02D2A79C07200B57E42 /* CoinLogoView.swift in Sources */,
				718044A92A75FDA800B64F20 /* PreviewProvider.swift in Sources */,
				71F8627A2A783ECA0054C01C /* HomeStatsView.swift in Sources */,
				71F8627E2A78493F0054C01C /* MarketDataService.swift in Sources */,
				718044A42A75973C00B64F20 /* CircleButtonAnimationView.swift in Sources */,
				715DAD872A79FFAD001E55E9 /* CoinDetailDataService.swift in Sources */,
				718044BC2A76FAE500B64F20 /* CoinImageViewModel.swift in Sources */,
				718044B52A76ECB300B64F20 /* NetworkingManager.swift in Sources */,
				718044AD2A760D1900B64F20 /* Double.swift in Sources */,
				718044BA2A76F97400B64F20 /* CoinImageService.swift in Sources */,
				718044A72A7599B400B64F20 /* Coin.swift in Sources */,
				715DAD7E2A79FEAD001E55E9 /* String.swift in Sources */,
				715DAD812A79FF57001E55E9 /* DetailViewModel.swift in Sources */,
				713288362A79D90300022E76 /* PortfolioDataService.swift in Sources */,
			);
			runOnlyForDeploymentPostprocessing = 0;
		};
/* End PBXSourcesBuildPhase section */

/* Begin XCBuildConfiguration section */
		718044912A75874300B64F20 /* Debug */ = {
			isa = XCBuildConfiguration;
			buildSettings = {
				ALWAYS_SEARCH_USER_PATHS = NO;
				CLANG_ANALYZER_NONNULL = YES;
				CLANG_ANALYZER_NUMBER_OBJECT_CONVERSION = YES_AGGRESSIVE;
				CLANG_CXX_LANGUAGE_STANDARD = "gnu++20";
				CLANG_ENABLE_MODULES = YES;
				CLANG_ENABLE_OBJC_ARC = YES;
				CLANG_ENABLE_OBJC_WEAK = YES;
				CLANG_WARN_BLOCK_CAPTURE_AUTORELEASING = YES;
				CLANG_WARN_BOOL_CONVERSION = YES;
				CLANG_WARN_COMMA = YES;
				CLANG_WARN_CONSTANT_CONVERSION = YES;
				CLANG_WARN_DEPRECATED_OBJC_IMPLEMENTATIONS = YES;
				CLANG_WARN_DIRECT_OBJC_ISA_USAGE = YES_ERROR;
				CLANG_WARN_DOCUMENTATION_COMMENTS = YES;
				CLANG_WARN_EMPTY_BODY = YES;
				CLANG_WARN_ENUM_CONVERSION = YES;
				CLANG_WARN_INFINITE_RECURSION = YES;
				CLANG_WARN_INT_CONVERSION = YES;
				CLANG_WARN_NON_LITERAL_NULL_CONVERSION = YES;
				CLANG_WARN_OBJC_IMPLICIT_RETAIN_SELF = YES;
				CLANG_WARN_OBJC_LITERAL_CONVERSION = YES;
				CLANG_WARN_OBJC_ROOT_CLASS = YES_ERROR;
				CLANG_WARN_QUOTED_INCLUDE_IN_FRAMEWORK_HEADER = YES;
				CLANG_WARN_RANGE_LOOP_ANALYSIS = YES;
				CLANG_WARN_STRICT_PROTOTYPES = YES;
				CLANG_WARN_SUSPICIOUS_MOVE = YES;
				CLANG_WARN_UNGUARDED_AVAILABILITY = YES_AGGRESSIVE;
				CLANG_WARN_UNREACHABLE_CODE = YES;
				CLANG_WARN__DUPLICATE_METHOD_MATCH = YES;
				COPY_PHASE_STRIP = NO;
				DEBUG_INFORMATION_FORMAT = dwarf;
				ENABLE_STRICT_OBJC_MSGSEND = YES;
				ENABLE_TESTABILITY = YES;
				GCC_C_LANGUAGE_STANDARD = gnu11;
				GCC_DYNAMIC_NO_PIC = NO;
				GCC_NO_COMMON_BLOCKS = YES;
				GCC_OPTIMIZATION_LEVEL = 0;
				GCC_PREPROCESSOR_DEFINITIONS = (
					"DEBUG=1",
					"$(inherited)",
				);
				GCC_WARN_64_TO_32_BIT_CONVERSION = YES;
				GCC_WARN_ABOUT_RETURN_TYPE = YES_ERROR;
				GCC_WARN_UNDECLARED_SELECTOR = YES;
				GCC_WARN_UNINITIALIZED_AUTOS = YES_AGGRESSIVE;
				GCC_WARN_UNUSED_FUNCTION = YES;
				GCC_WARN_UNUSED_VARIABLE = YES;
				MTL_ENABLE_DEBUG_INFO = INCLUDE_SOURCE;
				MTL_FAST_MATH = YES;
				ONLY_ACTIVE_ARCH = YES;
				SWIFT_ACTIVE_COMPILATION_CONDITIONS = DEBUG;
				SWIFT_OPTIMIZATION_LEVEL = "-Onone";
			};
			name = Debug;
		};
		718044922A75874300B64F20 /* Release */ = {
			isa = XCBuildConfiguration;
			buildSettings = {
				ALWAYS_SEARCH_USER_PATHS = NO;
				CLANG_ANALYZER_NONNULL = YES;
				CLANG_ANALYZER_NUMBER_OBJECT_CONVERSION = YES_AGGRESSIVE;
				CLANG_CXX_LANGUAGE_STANDARD = "gnu++20";
				CLANG_ENABLE_MODULES = YES;
				CLANG_ENABLE_OBJC_ARC = YES;
				CLANG_ENABLE_OBJC_WEAK = YES;
				CLANG_WARN_BLOCK_CAPTURE_AUTORELEASING = YES;
				CLANG_WARN_BOOL_CONVERSION = YES;
				CLANG_WARN_COMMA = YES;
				CLANG_WARN_CONSTANT_CONVERSION = YES;
				CLANG_WARN_DEPRECATED_OBJC_IMPLEMENTATIONS = YES;
				CLANG_WARN_DIRECT_OBJC_ISA_USAGE = YES_ERROR;
				CLANG_WARN_DOCUMENTATION_COMMENTS = YES;
				CLANG_WARN_EMPTY_BODY = YES;
				CLANG_WARN_ENUM_CONVERSION = YES;
				CLANG_WARN_INFINITE_RECURSION = YES;
				CLANG_WARN_INT_CONVERSION = YES;
				CLANG_WARN_NON_LITERAL_NULL_CONVERSION = YES;
				CLANG_WARN_OBJC_IMPLICIT_RETAIN_SELF = YES;
				CLANG_WARN_OBJC_LITERAL_CONVERSION = YES;
				CLANG_WARN_OBJC_ROOT_CLASS = YES_ERROR;
				CLANG_WARN_QUOTED_INCLUDE_IN_FRAMEWORK_HEADER = YES;
				CLANG_WARN_RANGE_LOOP_ANALYSIS = YES;
				CLANG_WARN_STRICT_PROTOTYPES = YES;
				CLANG_WARN_SUSPICIOUS_MOVE = YES;
				CLANG_WARN_UNGUARDED_AVAILABILITY = YES_AGGRESSIVE;
				CLANG_WARN_UNREACHABLE_CODE = YES;
				CLANG_WARN__DUPLICATE_METHOD_MATCH = YES;
				COPY_PHASE_STRIP = NO;
				DEBUG_INFORMATION_FORMAT = "dwarf-with-dsym";
				ENABLE_NS_ASSERTIONS = NO;
				ENABLE_STRICT_OBJC_MSGSEND = YES;
				GCC_C_LANGUAGE_STANDARD = gnu11;
				GCC_NO_COMMON_BLOCKS = YES;
				GCC_WARN_64_TO_32_BIT_CONVERSION = YES;
				GCC_WARN_ABOUT_RETURN_TYPE = YES_ERROR;
				GCC_WARN_UNDECLARED_SELECTOR = YES;
				GCC_WARN_UNINITIALIZED_AUTOS = YES_AGGRESSIVE;
				GCC_WARN_UNUSED_FUNCTION = YES;
				GCC_WARN_UNUSED_VARIABLE = YES;
				MTL_ENABLE_DEBUG_INFO = NO;
				MTL_FAST_MATH = YES;
				SWIFT_COMPILATION_MODE = wholemodule;
				SWIFT_OPTIMIZATION_LEVEL = "-O";
			};
			name = Release;
		};
		718044942A75874300B64F20 /* Debug */ = {
			isa = XCBuildConfiguration;
			buildSettings = {
				ASSETCATALOG_COMPILER_APPICON_NAME = AppIcon;
				ASSETCATALOG_COMPILER_GLOBAL_ACCENT_COLOR_NAME = AccentColor;
				CODE_SIGN_ENTITLEMENTS = CryptoTracker/CryptoTracker.entitlements;
				CODE_SIGN_STYLE = Automatic;
				CURRENT_PROJECT_VERSION = 1;
				DEVELOPMENT_ASSET_PATHS = "\"CryptoTracker/Preview Content\"";
				DEVELOPMENT_TEAM = FYX6FHC326;
				ENABLE_HARDENED_RUNTIME = YES;
				ENABLE_PREVIEWS = YES;
				GENERATE_INFOPLIST_FILE = YES;
				"INFOPLIST_KEY_UIApplicationSceneManifest_Generation[sdk=iphoneos*]" = YES;
				"INFOPLIST_KEY_UIApplicationSceneManifest_Generation[sdk=iphonesimulator*]" = YES;
				"INFOPLIST_KEY_UIApplicationSupportsIndirectInputEvents[sdk=iphoneos*]" = YES;
				"INFOPLIST_KEY_UIApplicationSupportsIndirectInputEvents[sdk=iphonesimulator*]" = YES;
				"INFOPLIST_KEY_UILaunchScreen_Generation[sdk=iphoneos*]" = YES;
				"INFOPLIST_KEY_UILaunchScreen_Generation[sdk=iphonesimulator*]" = YES;
				"INFOPLIST_KEY_UIStatusBarStyle[sdk=iphoneos*]" = UIStatusBarStyleDefault;
				"INFOPLIST_KEY_UIStatusBarStyle[sdk=iphonesimulator*]" = UIStatusBarStyleDefault;
				INFOPLIST_KEY_UISupportedInterfaceOrientations = UIInterfaceOrientationPortrait;
				INFOPLIST_KEY_UISupportedInterfaceOrientations_iPad = "UIInterfaceOrientationLandscapeLeft UIInterfaceOrientationLandscapeRight UIInterfaceOrientationPortrait UIInterfaceOrientationPortraitUpsideDown";
				IPHONEOS_DEPLOYMENT_TARGET = 16.0;
				LD_RUNPATH_SEARCH_PATHS = "@executable_path/Frameworks";
				"LD_RUNPATH_SEARCH_PATHS[sdk=macosx*]" = "@executable_path/../Frameworks";
				MACOSX_DEPLOYMENT_TARGET = 13.3;
				MARKETING_VERSION = 1.0;
				PRODUCT_BUNDLE_IDENTIFIER = racing.CryptoTracker;
				PRODUCT_NAME = "$(TARGET_NAME)";
				SDKROOT = auto;
				SUPPORTED_PLATFORMS = "iphoneos iphonesimulator macosx";
				SWIFT_EMIT_LOC_STRINGS = YES;
				SWIFT_VERSION = 5.0;
				TARGETED_DEVICE_FAMILY = "1,2";
			};
			name = Debug;
		};
		718044952A75874300B64F20 /* Release */ = {
			isa = XCBuildConfiguration;
			buildSettings = {
				ASSETCATALOG_COMPILER_APPICON_NAME = AppIcon;
				ASSETCATALOG_COMPILER_GLOBAL_ACCENT_COLOR_NAME = AccentColor;
				CODE_SIGN_ENTITLEMENTS = CryptoTracker/CryptoTracker.entitlements;
				CODE_SIGN_STYLE = Automatic;
				CURRENT_PROJECT_VERSION = 1;
				DEVELOPMENT_ASSET_PATHS = "\"CryptoTracker/Preview Content\"";
				DEVELOPMENT_TEAM = FYX6FHC326;
				ENABLE_HARDENED_RUNTIME = YES;
				ENABLE_PREVIEWS = YES;
				GENERATE_INFOPLIST_FILE = YES;
				"INFOPLIST_KEY_UIApplicationSceneManifest_Generation[sdk=iphoneos*]" = YES;
				"INFOPLIST_KEY_UIApplicationSceneManifest_Generation[sdk=iphonesimulator*]" = YES;
				"INFOPLIST_KEY_UIApplicationSupportsIndirectInputEvents[sdk=iphoneos*]" = YES;
				"INFOPLIST_KEY_UIApplicationSupportsIndirectInputEvents[sdk=iphonesimulator*]" = YES;
				"INFOPLIST_KEY_UILaunchScreen_Generation[sdk=iphoneos*]" = YES;
				"INFOPLIST_KEY_UILaunchScreen_Generation[sdk=iphonesimulator*]" = YES;
				"INFOPLIST_KEY_UIStatusBarStyle[sdk=iphoneos*]" = UIStatusBarStyleDefault;
				"INFOPLIST_KEY_UIStatusBarStyle[sdk=iphonesimulator*]" = UIStatusBarStyleDefault;
				INFOPLIST_KEY_UISupportedInterfaceOrientations = UIInterfaceOrientationPortrait;
				INFOPLIST_KEY_UISupportedInterfaceOrientations_iPad = "UIInterfaceOrientationLandscapeLeft UIInterfaceOrientationLandscapeRight UIInterfaceOrientationPortrait UIInterfaceOrientationPortraitUpsideDown";
				IPHONEOS_DEPLOYMENT_TARGET = 16.0;
				LD_RUNPATH_SEARCH_PATHS = "@executable_path/Frameworks";
				"LD_RUNPATH_SEARCH_PATHS[sdk=macosx*]" = "@executable_path/../Frameworks";
				MACOSX_DEPLOYMENT_TARGET = 13.3;
				MARKETING_VERSION = 1.0;
				PRODUCT_BUNDLE_IDENTIFIER = racing.CryptoTracker;
				PRODUCT_NAME = "$(TARGET_NAME)";
				SDKROOT = auto;
				SUPPORTED_PLATFORMS = "iphoneos iphonesimulator macosx";
				SWIFT_EMIT_LOC_STRINGS = YES;
				SWIFT_VERSION = 5.0;
				TARGETED_DEVICE_FAMILY = "1,2";
			};
			name = Release;
		};
/* End XCBuildConfiguration section */

/* Begin XCConfigurationList section */
		7180447F2A75874200B64F20 /* Build configuration list for PBXProject "CryptoTracker" */ = {
			isa = XCConfigurationList;
			buildConfigurations = (
				718044912A75874300B64F20 /* Debug */,
				718044922A75874300B64F20 /* Release */,
			);
			defaultConfigurationIsVisible = 0;
			defaultConfigurationName = Release;
		};
		718044932A75874300B64F20 /* Build configuration list for PBXNativeTarget "CryptoTracker" */ = {
			isa = XCConfigurationList;
			buildConfigurations = (
				718044942A75874300B64F20 /* Debug */,
				718044952A75874300B64F20 /* Release */,
			);
			defaultConfigurationIsVisible = 0;
			defaultConfigurationName = Release;
		};
/* End XCConfigurationList section */

/* Begin XCVersionGroup section */
		713288322A79D84100022E76 /* PortfolioContainer.xcdatamodeld */ = {
			isa = XCVersionGroup;
			children = (
				713288332A79D84100022E76 /* PortfolioContainer.xcdatamodel */,
			);
			currentVersion = 713288332A79D84100022E76 /* PortfolioContainer.xcdatamodel */;
			path = PortfolioContainer.xcdatamodeld;
			sourceTree = "<group>";
			versionGroupType = wrapper.xcdatamodel;
		};
/* End XCVersionGroup section */
	};
	rootObject = 7180447C2A75874200B64F20 /* Project object */;
}
